<Solution>
  <Project Path="MultiWarehouse.API/MultiWarehouse.API.csproj" />
  <Project Path="MultiWarehouse.Entity/MultiWarehouse.Entity.csproj" />
  <Project Path="MultiWarehouse.Service/MultiWarehouse.Service.csproj" />
  <Project Path="MultiWarehouse.Shared/MultiWarehouse.Shared.csproj" />
</Solution>
